{
  "name" : " IaC-serverless-framework-project " ,
  "versão" : " 1.0.0 " ,
  "lockfileVersion" : 2 ,
  "requer" : verdadeiro ,
  "pacotes" : {
    "" : {
      "name" : " IaC-serverless-framework-project " ,
      "versão" : " 1.0.0 " ,
      "licença" : " ISC " ,
      "dependências" : {
        "aws-sdk" : " ^2.1346.0 " ,
        "uuid" : " ^8.3.2 "
      }
    },
    "node_modules/disponible-typed-arrays" : {
      "versão" : " 1.0.5 " ,
      "resolvido" : " https://registry.npmjs.org/available-typed-arrays/-/available-typed-arrays-1.0.5.tgz " ,
      "integridade" : " sha512-DMD0KiN46eipeziST1LPP/STfDU0sufISXmjSgvVsoU2tqxctQeASejWcfNtxYKqETM1UxQ8sp2OrSBWpHY6sw== " ,
      "motores" : {
        "nó" : " >= 0.4 "
      },
      "financiamento" : {
        "url" : " https://github.com/sponsors/ljharb "
      }
    },
    "node_modules/aws-sdk" : {
      "versão" : " 2.1346.0 " ,
      "resolvido" : " https://registry.npmjs.org/aws-sdk/-/aws-sdk-2.1346.0.tgz " ,
      "integridade" : " sha512-sLN7DUQ4KGkVCRN9uU5amz+k5qj5HFdwq0itH7WLtFGG63/vG/HnrqHj1G0PyMij0Zz6CGlRBACstWRm0niYhQ== " ,
      "dependências" : {
        "buffer" : " 4.9.2 " ,
        "eventos" : " 1.1.1 " ,
        "ieee754" : " 1.1.13 " ,
        "jmespath" : " 0.16.0 " ,
        "querystring" : " 0.2.0 " ,
        "sax" : " 1.2.1 " ,
        "url" : " 0.10.3 " ,
        "util" : " ^0.12.4 " ,
        "uuid" : " 8.0.0 " ,
        "xml2js" : " 0.4.19 "
      },
      "motores" : {
        "nó" : " >= 10.0.0 "
      }
    },
    "node_modules/aws-sdk/node_modules/uuid" : {
      "versão" : " 8.0.0 " ,
      "resolvido" : " https://registry.npmjs.org/uuid/-/uuid-8.0.0.tgz " ,
      "integridade" : " sha512-jOXGuXZAWdsTH7eZLtyXMqUb9EcWMGZNbL9YcGBJl4MH4nrxHmZJhEHvyLFrkxo+28uLb/NYRcStH48fnD0Vzw== " ,
      "bin" : {
        "uuid" : " dist/bin/uuid "
      }
    },
    "node_modules/base64-js" : {
      "versão" : " 1.5.1 " ,
      "resolvido" : " https://registry.npmjs.org/base64-js/-/base64-js-1.5.1.tgz " ,
      "integridade" : " sha512-AKpaYlHn8t4SVbOHCy+b5+KKgvR4vrsD8vbvrbiQJps7fKDTkjkDry6ji0rUJjC0kzbNePLwzxq8iypo41qeWA== " ,
      "financiamento" : [
        {
          "tipo" : " github " ,
          "url" : " https://github.com/sponsors/feross "
        },
        {
          "tipo" : " patrão " ,
          "url" : " https://www.patreon.com/feross "
        },
        {
          "tipo" : " consultoria " ,
          "url" : " https://feross.org/support "
        }
      ]
    },
    "node_modules/buffer" : {
      "versão" : " 4.9.2 " ,
      "resolvido" : " https://registry.npmjs.org/buffer/-/buffer-4.9.2.tgz " ,
      "integridade" : " sha512-xq+q3SRMOxGivLhBNaUdC64hDTQwejJ+H0T/NB1XMtTVEwNTrfFF3gAxiyW0Bu/xWEGhjVKgUcMhCrUy2+uCWg== " ,
      "dependências" : {
        "base64-js" : " ^1.0.2 " ,
        "ieee754" : " ^1.1.4 " ,
        "isarray" : " ^1.0.0 "
      }
    },
    "node_modules/call-bind" : {
      "versão" : " 1.0.2 " ,
      "resolvido" : " https://registry.npmjs.org/call-bind/-/call-bind-1.0.2.tgz " ,
      "integridade" : " sha512-7O+FbCihrB5WGbFYesctwmTKae6rOiIzmz1icreWJ+0aA7LJfuqhEso2T9ncpcFtzMQtzXf2QGGueWJGTYsqrA== " ,
      "dependências" : {
        "função-bind" : " ^1.1.1 " ,
        "get-intrinsic" : " ^1.0.2 "
      },
      "financiamento" : {
        "url" : " https://github.com/sponsors/ljharb "
      }
    },
    "node_modules/eventos" : {
      "versão" : " 1.1.1 " ,
      "resolvido" : " https://registry.npmjs.org/events/-/events-1.1.1.tgz " ,
      "integridade" : " sha1-nr23Y1rQmccNzEwqH1AEKI6L2SQ= " ,
      "motores" : {
        "nó" : " >=0.4.x "
      }
    },
    "node_modules/for-each" : {
      "versão" : " 0.3.3 " ,
      "resolvido" : " https://registry.npmjs.org/for-each/-/for-each-0.3.3.tgz " ,
      "integridade" : " sha512-jqYfLp7mo9vIyQf8ykW2v7A+2N4QjeCeI5+Dz9XraiO1ign81wjiH7Fb9vSOWvQfNtmSa4H2RoQTrrXivdUZmw== " ,
      "dependências" : {
        "pode ​​ser chamado" : " ^1.1.3 "
      }
    },
    "node_modules/função-bind" : {
      "versão" : " 1.1.1 " ,
      "resolvido" : " https://registry.npmjs.org/function-bind/-/function-bind-1.1.1.tgz " ,
      "integridade" : " sha512-yIovAzMX49sF8Yl58fSCWJ5svSLuaibPxXQJFLmBObTuCr0Mf1KiPopGM9NiFjiYBCbfaa2Fh6breQ6ANVTI0A== "
    },
    "node_modules/get-intrinsic" : {
      "versão" : " 1.2.0 " ,
      "resolvido" : " https://registry.npmjs.org/get-intrinsic/-/get-intrinsic-1.2.0.tgz " ,
      "integridade" : " sha512-L049y6nFOuom5wGyRc3/gdTLO94dySVKRACj1RmJZBQXlbTMhtNIgkWkUHq+jYmZvKf14EW1EoJnnjbmoHij0Q== " ,
      "dependências" : {
        "função-bind" : " ^1.1.1 " ,
        "tem" : " ^1.0.3 " ,
        "tem-símbolos" : " ^1.0.3 "
      },
      "financiamento" : {
        "url" : " https://github.com/sponsors/ljharb "
      }
    },
    "node_modules/gopd" : {
      "versão" : " 1.0.1 " ,
      "resolvido" : " https://registry.npmjs.org/gopd/-/gopd-1.0.1.tgz " ,
      "integridade" : " sha512-d65bNlIadxvpb/A2abVdlqKqV563juRnZ1Wtk6s1sIR8uNsXR70xqIzVqxVf1eTqDunwT2MkczEeaezCKTZhwA== " ,
      "dependências" : {
        "get-intrinsic" : " ^1.1.3 "
      },
      "financiamento" : {
        "url" : " https://github.com/sponsors/ljharb "
      }
    },
    "node_modules/has" : {
      "versão" : " 1.0.3 " ,
      "resolvido" : " https://registry.npmjs.org/has/-/has-1.0.3.tgz " ,
      "integridade" : " sha512-f2dvO0VU6Oej7RkWJGrehjbzMAjFp5/VKPp5tTpWIV4JHHZK1/BxbFRtf/siA2SWTe09caDmVtYYzWEIbBS4zw== " ,
      "dependências" : {
        "função-bind" : " ^1.1.1 "
      },
      "motores" : {
        "nó" : " >= 0.4.0 "
      }
    },
    "node_modules/has-symbols" : {
      "versão" : " 1.0.3 " ,
      "resolvido" : " https://registry.npmjs.org/has-symbols/-/has-symbols-1.0.3.tgz " ,
      "integridade" : " sha512-l3LCuF6MgDNwTDKkdYGEihYjt5pRPbEg46rtlmnSPlUbgmB8LOIrKJbYYFBSbnPaJexMKtiPO8hmeRjRz2Td+A== " ,
      "motores" : {
        "nó" : " >= 0.4 "
      },
      "financiamento" : {
        "url" : " https://github.com/sponsors/ljharb "
      }
    },
    "node_modules/has-tostringtag" : {
      "versão" : " 1.0.0 " ,
      "resolvido" : " https://registry.npmjs.org/has-tostringtag/-/has-tostringtag-1.0.0.tgz " ,
      "integridade" : " sha512-kFjcSNhnlGV1kyoGk7OXKSawH5JOb/LzUc5w9B02hOTO0dfFRjbHQKvg1d6cf3HbeUmtU9VbbV3qzZ2Teh97WQ== " ,
      "dependências" : {
        "tem-símbolos" : " ^1.0.2 "
      },
      "motores" : {
        "nó" : " >= 0.4 "
      },
      "financiamento" : {
        "url" : " https://github.com/sponsors/ljharb "
      }
    },
    "node_modules/ieee754" : {
      "versão" : " 1.1.13 " ,
      "resolvido" : " https://registry.npmjs.org/ieee754/-/ieee754-1.1.13.tgz " ,
      "integridade" : " sha512-4vf7I2LYV/HaWerSo3XmlMkp5eZ83i+/CDluXi/IGTs/O1sejBNhTtnxzmRZfvOUqj7lZjqHkeTvpgSFDlWZTg== "
    },
    "node_modules/inherits" : {
      "versão" : " 2.0.4 " ,
      "resolvido" : " https://registry.npmjs.org/inherits/-/inherits-2.0.4.tgz " ,
      "integridade" : " sha512-k/vGaX4/Yla3WzyMCvTQOXYeIHvqOKtnqBduzTHpzpQZzAskKMhZ2K+EnBiSM9zGSoIFeMpXKxa4dYeZIQqewQ== "
    },
    "node_modules/is-arguments" : {
      "versão" : " 1.1.1 " ,
      "resolvido" : " https://registry.npmjs.org/is-arguments/-/is-arguments-1.1.1.tgz " ,
      "integridade" : " sha512-8Q7EARjzEnKpt/PCD7e1cgUS0a6X8u5tdSiMqXhojOdoV9TsMsiO+9VLC5vAmO8N7/GmXn7yjR8qnA6bVAEzfA== " ,
      "dependências" : {
        "call-bind" : " ^1.0.2 " ,
        "has-tostringtag" : " ^1.0.0 "
      },
      "motores" : {
        "nó" : " >= 0.4 "
      },
      "financiamento" : {
        "url" : " https://github.com/sponsors/ljharb "
      }
    },
    "node_modules/is-callable" : {
      "versão" : " 1.2.7 " ,
      "resolvido" : " https://registry.npmjs.org/is-callable/-/is-callable-1.2.7.tgz " ,
      "integridade" : " sha512-1BC0BVFhS/p0qtw6enp8e+8OD0UrK0oFLztSjNzhcKA3WDuJxxAPXzPuPtKkjEY9UUoEWlX/8fgKeu2S8i9JTA== " ,
      "motores" : {
        "nó" : " >= 0.4 "
      },
      "financiamento" : {
        "url" : " https://github.com/sponsors/ljharb "
      }
    },
    "node_modules/is-generator-function" : {
      "versão" : " 1.0.10 " ,
      "resolvido" : " https://registry.npmjs.org/is-generator-function/-/is-generator-function-1.0.10.tgz " ,
      "integridade" : " sha512-jsEjy9l3yiXEQ+PsXdmBwEPcOxaXWLspKdplFUVI9vq1iZgIekeC0L167qeu86czQaxed3q/Uzuw0swL0irL8A== " ,
      "dependências" : {
        "has-tostringtag" : " ^1.0.0 "
      },
      "motores" : {
        "nó" : " >= 0.4 "
      },
      "financiamento" : {
        "url" : " https://github.com/sponsors/ljharb "
      }
    },
    "node_modules/is-typed-array" : {
      "versão" : " 1.1.10 " ,
      "resolvido" : " https://registry.npmjs.org/is-typed-array/-/is-typed-array-1.1.10.tgz " ,
      "integridade" : " sha512-PJqgEHiWZvMpaFZ3uTc8kHPM4+4ADTlDniuQL7cU/UDA0Ql7F70yGfHph3cLNe+c9toaigv+DFzTJKhc2CtO6A== " ,
      "dependências" : {
        "matrizes de tipo disponível" : " ^1.0.5 " ,
        "call-bind" : " ^1.0.2 " ,
        "para cada" : " ^0.3.3 " ,
        "gopd" : " ^1.0.1 " ,
        "has-tostringtag" : " ^1.0.0 "
      },
      "motores" : {
        "nó" : " >= 0.4 "
      },
      "financiamento" : {
        "url" : " https://github.com/sponsors/ljharb "
      }
    },
    "node_modules/isarray" : {
      "versão" : " 1.0.0 " ,
      "resolvido" : " https://registry.npmjs.org/isarray/-/isarray-1.0.0.tgz " ,
      "integridade" : " sha1-u5NdSFgsuhaMBoNJV6VKPgcSTxE= "
    },
    "node_modules/jmespath" : {
      "versão" : " 0.16.0 " ,
      "resolvido" : " https://registry.npmjs.org/jmespath/-/jmespath-0.16.0.tgz " ,
      "integridade" : " sha512-9FzQjJ7MATs1tSpnco1K6ayiYE3figslrXA72G2HQ/n76RzvYlofyi5QM+iX4YRs/pu3yzxlVQSST23+dMDknw== " ,
      "motores" : {
        "nó" : " >= 0.6.0 "
      }
    },
    "node_modules/punycode" : {
      "versão" : " 1.3.2 " ,
      "resolvido" : " https://registry.npmjs.org/punycode/-/punycode-1.3.2.tgz " ,
      "integridade" : " sha1-llOgNvt8HuQjQvIyXM7v6jkmxI0= "
    },
    "node_modules/querystring" : {
      "versão" : " 0.2.0 " ,
      "resolvido" : " https://registry.npmjs.org/querystring/-/querystring-0.2.0.tgz " ,
      "integridade" : " sha1-sgmEkgO7Jd+CDadW50cAWHhSFiA= " ,
      "deprecated" : " A API querystring é considerada herdada. o novo código deve usar a API URLSearchParams. " ,
      "motores" : {
        "nó" : " >=0.4.x "
      }
    },
    "node_modules/sax" : {
      "versão" : " 1.2.1 " ,
      "resolvido" : " https://registry.npmjs.org/sax/-/sax-1.2.1.tgz " ,
      "integridade" : " sha1-e45lYZCyKOgaZq6nSEgNgozS03o= "
    },
    "node_modules/url" : {
      "versão" : " 0.10.3 " ,
      "resolvido" : " https://registry.npmjs.org/url/-/url-0.10.3.tgz " ,
      "integridade" : " sha1-Ah5NnHcF8hu/N9A861h2dAJ3TGQ= " ,
      "dependências" : {
        "punycode" : " 1.3.2 " ,
        "querystring" : " 0.2.0 "
      }
    },
    "node_modules/util" : {
      "versão" : " 0.12.5 " ,
      "resolvido" : " https://registry.npmjs.org/util/-/util-0.12.5.tgz " ,
      "integridade" : " sha512-kZf/K6hEIrWHI6XqOFUiiMa+79wE/D8Q+NCNAWclkyg3b4d2k7s0QGepNjiABc+aR3N1PAyHL7p6UcLY6LmrnA== " ,
      "dependências" : {
        "herda" : " ^2.0.3 " ,
        "é-argumentos" : " ^1.0.4 " ,
        "é-função-geradora" : " ^1.0.7 " ,
        "is-typed-array" : " ^1.1.3 " ,
        "qual-tipo-array" : " ^1.1.2 "
      }
    },
    "node_modules/uuid" : {
      "versão" : " 8.3.2 " ,
      "resolvido" : " https://registry.npmjs.org/uuid/-/uuid-8.3.2.tgz " ,
      "integridade" : " sha512-+NYs2QeMWy+GWFOEm9xnn6HCDp0l7QBD7ml8zLUmJ+93Q5NF0NocErnwkTkXVFNiX3/fpC6afS8Dhb/gz7R7eg== " ,
      "bin" : {
        "uuid" : " dist/bin/uuid "
      }
    },
    "node_modules/which-typed-array" : {
      "versão" : " 1.1.9 " ,
      "resolvido" : " https://registry.npmjs.org/which-typed-array/-/which-typed-array-1.1.9.tgz " ,
      "integridade" : " sha512-w9c4xkx6mPidwp7180ckYWfMmvxpjlZuIudNtDf4N/tTAUB8VJbX25qZoAsrtGuYNnGw3pa0AXgbGKRB8/EceA== " ,
      "dependências" : {
        "matrizes de tipo disponível" : " ^1.0.5 " ,
        "call-bind" : " ^1.0.2 " ,
        "para cada" : " ^0.3.3 " ,
        "gopd" : " ^1.0.1 " ,
        "has-tostringtag" : " ^1.0.0 " ,
        "is-typed-array" : " ^1.1.10 "
      },
      "motores" : {
        "nó" : " >= 0.4 "
      },
      "financiamento" : {
        "url" : " https://github.com/sponsors/ljharb "
      }
    },
    "node_modules/xml2js" : {
      "versão" : " 0.4.19 " ,
      "resolvido" : " https://registry.npmjs.org/xml2js/-/xml2js-0.4.19.tgz " ,
      "integridade" : " sha512-esZnJZJOiJR9wWKMyuvSE1y6Dq5LCuJanqhxslH2bxM6duahNZ+HMpCLhBQGZkbX6xRf8x1Y2eJlgt2q3qo49Q== " ,
      "dependências" : {
        "sax" : " >=0.6.0 " ,
        "xmlbuilder" : " ~9.0.1 "
      }
    },
    "node_modules/xmlbuilder" : {
      "versão" : " 9.0.7 " ,
      "resolvido" : " https://registry.npmjs.org/xmlbuilder/-/xmlbuilder-9.0.7.tgz " ,
      "integridade" : " sha1-Ey7mPS7FVlxVfiD0wi35rKaGsQ0= " ,
      "motores" : {
        "nó" : " >=4.0 "
      }
    }
  },
  "dependências" : {
    "matrizes de tipo disponível" : {
      "versão" : " 1.0.5 " ,
      "resolvido" : " https://registry.npmjs.org/available-typed-arrays/-/available-typed-arrays-1.0.5.tgz " ,
      "integridade" : " sha512-DMD0KiN46eipeziST1LPP/STfDU0sufISXmjSgvVsoU2tqxctQeASejWcfNtxYKqETM1UxQ8sp2OrSBWpHY6sw== "
    },
    "aws-sdk" : {
      "versão" : " 2.1346.0 " ,
      "resolvido" : " https://registry.npmjs.org/aws-sdk/-/aws-sdk-2.1346.0.tgz " ,
      "integridade" : " sha512-sLN7DUQ4KGkVCRN9uU5amz+k5qj5HFdwq0itH7WLtFGG63/vG/HnrqHj1G0PyMij0Zz6CGlRBACstWRm0niYhQ== " ,
      "requer" : {
        "buffer" : " 4.9.2 " ,
        "eventos" : " 1.1.1 " ,
        "ieee754" : " 1.1.13 " ,
        "jmespath" : " 0.16.0 " ,
        "querystring" : " 0.2.0 " ,
        "sax" : " 1.2.1 " ,
        "url" : " 0.10.3 " ,
        "util" : " ^0.12.4 " ,
        "uuid" : " 8.0.0 " ,
        "xml2js" : " 0.4.19 "
      },
      "dependências" : {
        "uuid" : {
          "versão" : " 8.0.0 " ,
          "resolvido" : " https://registry.npmjs.org/uuid/-/uuid-8.0.0.tgz " ,
          "integridade" : " sha512-jOXGuXZAWdsTH7eZLtyXMqUb9EcWMGZNbL9YcGBJl4MH4nrxHmZJhEHvyLFrkxo+28uLb/NYRcStH48fnD0Vzw== "
        }
      }
    },
    "base64-js" : {
      "versão" : " 1.5.1 " ,
      "resolvido" : " https://registry.npmjs.org/base64-js/-/base64-js-1.5.1.tgz " ,
      "integridade" : " sha512-AKpaYlHn8t4SVbOHCy+b5+KKgvR4vrsD8vbvrbiQJps7fKDTkjkDry6ji0rUJjC0kzbNePLwzxq8iypo41qeWA== "
    },
    "buffer" : {
      "versão" : " 4.9.2 " ,
      "resolvido" : " https://registry.npmjs.org/buffer/-/buffer-4.9.2.tgz " ,
      "integridade" : " sha512-xq+q3SRMOxGivLhBNaUdC64hDTQwejJ+H0T/NB1XMtTVEwNTrfFF3gAxiyW0Bu/xWEGhjVKgUcMhCrUy2+uCWg== " ,
      "requer" : {
        "base64-js" : " ^1.0.2 " ,
        "ieee754" : " ^1.1.4 " ,
        "isarray" : " ^1.0.0 "
      }
    },
    "ligação de chamada" : {
      "versão" : " 1.0.2 " ,
      "resolvido" : " https://registry.npmjs.org/call-bind/-/call-bind-1.0.2.tgz " ,
      "integridade" : " sha512-7O+FbCihrB5WGbFYesctwmTKae6rOiIzmz1icreWJ+0aA7LJfuqhEso2T9ncpcFtzMQtzXf2QGGueWJGTYsqrA== " ,
      "requer" : {
        "função-bind" : " ^1.1.1 " ,
        "get-intrinsic" : " ^1.0.2 "
      }
    },
    "eventos" : {
      "versão" : " 1.1.1 " ,
      "resolvido" : " https://registry.npmjs.org/events/-/events-1.1.1.tgz " ,
      "integridade" : " sha1-nr23Y1rQmccNzEwqH1AEKI6L2SQ= "
    },
    "para cada" : {
      "versão" : " 0.3.3 " ,
      "resolvido" : " https://registry.npmjs.org/for-each/-/for-each-0.3.3.tgz " ,
      "integridade" : " sha512-jqYfLp7mo9vIyQf8ykW2v7A+2N4QjeCeI5+Dz9XraiO1ign81wjiH7Fb9vSOWvQfNtmSa4H2RoQTrrXivdUZmw== " ,
      "requer" : {
        "pode ​​ser chamado" : " ^1.1.3 "
      }
    },
    "bind de função" : {
      "versão" : " 1.1.1 " ,
      "resolvido" : " https://registry.npmjs.org/function-bind/-/function-bind-1.1.1.tgz " ,
      "integridade" : " sha512-yIovAzMX49sF8Yl58fSCWJ5svSLuaibPxXQJFLmBObTuCr0Mf1KiPopGM9NiFjiYBCbfaa2Fh6breQ6ANVTI0A== "
    },
    "get-intrínseco" : {
      "versão" : " 1.2.0 " ,
      "resolvido" : " https://registry.npmjs.org/get-intrinsic/-/get-intrinsic-1.2.0.tgz " ,
      "integridade" : " sha512-L049y6nFOuom5wGyRc3/gdTLO94dySVKRACj1RmJZBQXlbTMhtNIgkWkUHq+jYmZvKf14EW1EoJnnjbmoHij0Q== " ,
      "requer" : {
        "função-bind" : " ^1.1.1 " ,
        "tem" : " ^1.0.3 " ,
        "tem-símbolos" : " ^1.0.3 "
      }
    },
    "gopd" : {
      "versão" : " 1.0.1 " ,
      "resolvido" : " https://registry.npmjs.org/gopd/-/gopd-1.0.1.tgz " ,
      "integridade" : " sha512-d65bNlIadxvpb/A2abVdlqKqV563juRnZ1Wtk6s1sIR8uNsXR70xqIzVqxVf1eTqDunwT2MkczEeaezCKTZhwA== " ,
      "requer" : {
        "get-intrinsic" : " ^1.1.3 "
      }
    },
    "tem" : {
      "versão" : " 1.0.3 " ,
      "resolvido" : " https://registry.npmjs.org/has/-/has-1.0.3.tgz " ,
      "integridade" : " sha512-f2dvO0VU6Oej7RkWJGrehjbzMAjFp5/VKPp5tTpWIV4JHHZK1/BxbFRtf/siA2SWTe09caDmVtYYzWEIbBS4zw== " ,
      "requer" : {
        "função-bind" : " ^1.1.1 "
      }
    },
    "tem-símbolos" : {
      "versão" : " 1.0.3 " ,
      "resolvido" : " https://registry.npmjs.org/has-symbols/-/has-symbols-1.0.3.tgz " ,
      "integridade" : " sha512-l3LCuF6MgDNwTDKkdYGEihYjt5pRPbEg46rtlmnSPlUbgmB8LOIrKJbYYFBSbnPaJexMKtiPO8hmeRjRz2Td+A== "
    },
    "has-tostringtag" : {
      "versão" : " 1.0.0 " ,
      "resolvido" : " https://registry.npmjs.org/has-tostringtag/-/has-tostringtag-1.0.0.tgz " ,
      "integridade" : " sha512-kFjcSNhnlGV1kyoGk7OXKSawH5JOb/LzUc5w9B02hOTO0dfFRjbHQKvg1d6cf3HbeUmtU9VbbV3qzZ2Teh97WQ== " ,
      "requer" : {
        "tem-símbolos" : " ^1.0.2 "
      }
    },
    "ieee754" : {
      "versão" : " 1.1.13 " ,
      "resolvido" : " https://registry.npmjs.org/ieee754/-/ieee754-1.1.13.tgz " ,
      "integridade" : " sha512-4vf7I2LYV/HaWerSo3XmlMkp5eZ83i+/CDluXi/IGTs/O1sejBNhTtnxzmRZfvOUqj7lZjqHkeTvpgSFDlWZTg== "
    },
    "herda" : {
      "versão" : " 2.0.4 " ,
      "resolvido" : " https://registry.npmjs.org/inherits/-/inherits-2.0.4.tgz " ,
      "integridade" : " sha512-k/vGaX4/Yla3WzyMCvTQOXYeIHvqOKtnqBduzTHpzpQZzAskKMhZ2K+EnBiSM9zGSoIFeMpXKxa4dYeZIQqewQ== "
    },
    "é-argumentos" : {
      "versão" : " 1.1.1 " ,
      "resolvido" : " https://registry.npmjs.org/is-arguments/-/is-arguments-1.1.1.tgz " ,
      "integridade" : " sha512-8Q7EARjzEnKpt/PCD7e1cgUS0a6X8u5tdSiMqXhojOdoV9TsMsiO+9VLC5vAmO8N7/GmXn7yjR8qnA6bVAEzfA== " ,
      "requer" : {
        "call-bind" : " ^1.0.2 " ,
        "has-tostringtag" : " ^1.0.0 "
      }
    },
    "pode ​​ser chamado" : {
      "versão" : " 1.2.7 " ,
      "resolvido" : " https://registry.npmjs.org/is-callable/-/is-callable-1.2.7.tgz " ,
      "integridade" : " sha512-1BC0BVFhS/p0qtw6enp8e+8OD0UrK0oFLztSjNzhcKA3WDuJxxAPXzPuPtKkjEY9UUoEWlX/8fgKeu2S8i9JTA== "
    },
    "é-função-geradora" : {
      "versão" : " 1.0.10 " ,
      "resolvido" : " https://registry.npmjs.org/is-generator-function/-/is-generator-function-1.0.10.tgz " ,
      "integridade" : " sha512-jsEjy9l3yiXEQ+PsXdmBwEPcOxaXWLspKdplFUVI9vq1iZgIekeC0L167qeu86czQaxed3q/Uzuw0swL0irL8A== " ,
      "requer" : {
        "has-tostringtag" : " ^1.0.0 "
      }
    },
    "é-tipo-array" : {
      "versão" : " 1.1.10 " ,
      "resolvido" : " https://registry.npmjs.org/is-typed-array/-/is-typed-array-1.1.10.tgz " ,
      "integridade" : " sha512-PJqgEHiWZvMpaFZ3uTc8kHPM4+4ADTlDniuQL7cU/UDA0Ql7F70yGfHph3cLNe+c9toaigv+DFzTJKhc2CtO6A== " ,
      "requer" : {
        "matrizes de tipo disponível" : " ^1.0.5 " ,
        "call-bind" : " ^1.0.2 " ,
        "para cada" : " ^0.3.3 " ,
        "gopd" : " ^1.0.1 " ,
        "has-tostringtag" : " ^1.0.0 "
      }
    },
    "isarray" : {
      "versão" : " 1.0.0 " ,
      "resolvido" : " https://registry.npmjs.org/isarray/-/isarray-1.0.0.tgz " ,
      "integridade" : " sha1-u5NdSFgsuhaMBoNJV6VKPgcSTxE= "
    },
    "jmespath" : {
      "versão" : " 0.16.0 " ,
      "resolvido" : " https://registry.npmjs.org/jmespath/-/jmespath-0.16.0.tgz " ,
      "integridade" : " sha512-9FzQjJ7MATs1tSpnco1K6ayiYE3figslrXA72G2HQ/n76RzvYlofyi5QM+iX4YRs/pu3yzxlVQSST23+dMDknw== "
    },
    "código puny" : {
      "versão" : " 1.3.2 " ,
      "resolvido" : " https://registry.npmjs.org/punycode/-/punycode-1.3.2.tgz " ,
      "integridade" : " sha1-llOgNvt8HuQjQvIyXM7v6jkmxI0= "
    },
    "cadeia de consulta" : {
      "versão" : " 0.2.0 " ,
      "resolvido" : " https://registry.npmjs.org/querystring/-/querystring-0.2.0.tgz " ,
      "integridade" : " sha1-sgmEkgO7Jd+CDadW50cAWHhSFiA= "
    },
    "sax" : {
      "versão" : " 1.2.1 " ,
      "resolvido" : " https://registry.npmjs.org/sax/-/sax-1.2.1.tgz " ,
      "integridade" : " sha1-e45lYZCyKOgaZq6nSEgNgozS03o= "
    },
    "url" : {
      "versão" : " 0.10.3 " ,
      "resolvido" : " https://registry.npmjs.org/url/-/url-0.10.3.tgz " ,
      "integridade" : " sha1-Ah5NnHcF8hu/N9A861h2dAJ3TGQ= " ,
      "requer" : {
        "punycode" : " 1.3.2 " ,
        "querystring" : " 0.2.0 "
      }
    },
    "util" : {
      "versão" : " 0.12.5 " ,
      "resolvido" : " https://registry.npmjs.org/util/-/util-0.12.5.tgz " ,
      "integridade" : " sha512-kZf/K6hEIrWHI6XqOFUiiMa+79wE/D8Q+NCNAWclkyg3b4d2k7s0QGepNjiABc+aR3N1PAyHL7p6UcLY6LmrnA== " ,
      "requer" : {
        "herda" : " ^2.0.3 " ,
        "é-argumentos" : " ^1.0.4 " ,
        "é-função-geradora" : " ^1.0.7 " ,
        "is-typed-array" : " ^1.1.3 " ,
        "qual-tipo-array" : " ^1.1.2 "
      }
    },
    "uuid" : {
      "versão" : " 8.3.2 " ,
      "resolvido" : " https://registry.npmjs.org/uuid/-/uuid-8.3.2.tgz " ,
      "integridade" : " sha512-+NYs2QeMWy+GWFOEm9xnn6HCDp0l7QBD7ml8zLUmJ+93Q5NF0NocErnwkTkXVFNiX3/fpC6afS8Dhb/gz7R7eg== "
    },
    "qual-tipo-array" : {
      "versão" : " 1.1.9 " ,
      "resolvido" : " https://registry.npmjs.org/which-typed-array/-/which-typed-array-1.1.9.tgz " ,
      "integridade" : " sha512-w9c4xkx6mPidwp7180ckYWfMmvxpjlZuIudNtDf4N/tTAUB8VJbX25qZoAsrtGuYNnGw3pa0AXgbGKRB8/EceA== " ,
      "requer" : {
        "matrizes de tipo disponível" : " ^1.0.5 " ,
        "call-bind" : " ^1.0.2 " ,
        "para cada" : " ^0.3.3 " ,
        "gopd" : " ^1.0.1 " ,
        "has-tostringtag" : " ^1.0.0 " ,
        "is-typed-array" : " ^1.1.10 "
      }
    },
    "xml2js" : {
      "versão" : " 0.4.19 " ,
      "resolvido" : " https://registry.npmjs.org/xml2js/-/xml2js-0.4.19.tgz " ,
      "integridade" : " sha512-esZnJZJOiJR9wWKMyuvSE1y6Dq5LCuJanqhxslH2bxM6duahNZ+HMpCLhBQGZkbX6xRf8x1Y2eJlgt2q3qo49Q== " ,
      "requer" : {
        "sax" : " >=0.6.0 " ,
        "xmlbuilder" : " ~9.0.1 "
      }
    },
    "xmlbuilder" : {
      "versão" : " 9.0.7 " ,
      "resolvido" : " https://registry.npmjs.org/xmlbuilder/-/xmlbuilder-9.0.7.tgz " ,
      "integridade" : " sha1-Ey7mPS7FVlxVfiD0wi35rKaGsQ0= "
    }
  }
}
